{
  "requires": true,
  "lockfileVersion": 1,
  "dependencies": {
    "create-wasm-app": {
      "version": "0.1.0",
      "resolved": "https://registry.npmjs.org/create-wasm-app/-/create-wasm-app-0.1.0.tgz",
      "integrity": "sha512-BzClfEAxwfZxE5IDNbNzutr5W6EXZrC0m1ax2R3sOKdQeHo8QKB6e/79vFQU9mtlNxLO6IeT7Lxy8FxOV+awQg=="
    }
  }
}
